// !$*UTF8*$!
{
	archiveVersion = 1;
	classes = {
	};
	objectVersion = 56;
	objects = {

/* Begin PBXBuildFile section */
		73062EDD29A9C70B00AB3062 /* AppDelegate.swift in Sources */ = {isa = PBXBuildFile; fileRef = 73062EDC29A9C70B00AB3062 /* AppDelegate.swift */; };
		73062EDF29A9C70B00AB3062 /* SceneDelegate.swift in Sources */ = {isa = PBXBuildFile; fileRef = 73062EDE29A9C70B00AB3062 /* SceneDelegate.swift */; };
		73062EE129A9C70B00AB3062 /* ViewController.swift in Sources */ = {isa = PBXBuildFile; fileRef = 73062EE029A9C70B00AB3062 /* ViewController.swift */; };
		73062EE429A9C70B00AB3062 /* Main.storyboard in Resources */ = {isa = PBXBuildFile; fileRef = 73062EE229A9C70B00AB3062 /* Main.storyboard */; };
		73062EE629A9C70D00AB3062 /* Assets.xcassets in Resources */ = {isa = PBXBuildFile; fileRef = 73062EE529A9C70D00AB3062 /* Assets.xcassets */; };
		73062EE929A9C70D00AB3062 /* LaunchScreen.storyboard in Resources */ = {isa = PBXBuildFile; fileRef = 73062EE729A9C70D00AB3062 /* LaunchScreen.storyboard */; };
		73062EF429A9C70D00AB3062 /* randomPhotoTests.swift in Sources */ = {isa = PBXBuildFile; fileRef = 73062EF329A9C70D00AB3062 /* randomPhotoTests.swift */; };
		73062EFE29A9C70E00AB3062 /* randomPhotoUITests.swift in Sources */ = {isa = PBXBuildFile; fileRef = 73062EFD29A9C70E00AB3062 /* randomPhotoUITests.swift */; };
		73062F0029A9C70E00AB3062 /* randomPhotoUITestsLaunchTests.swift in Sources */ = {isa = PBXBuildFile; fileRef = 73062EFF29A9C70E00AB3062 /* randomPhotoUITestsLaunchTests.swift */; };
/* End PBXBuildFile section */

/* Begin PBXContainerItemProxy section */
		73062EF029A9C70D00AB3062 /* PBXContainerItemProxy */ = {
			isa = PBXContainerItemProxy;
			containerPortal = 73062ED129A9C70B00AB3062 /* Project object */;
			proxyType = 1;
			remoteGlobalIDString = 73062ED829A9C70B00AB3062;
			remoteInfo = randomPhoto;
		};
		73062EFA29A9C70E00AB3062 /* PBXContainerItemProxy */ = {
			isa = PBXContainerItemProxy;
			containerPortal = 73062ED129A9C70B00AB3062 /* Project object */;
			proxyType = 1;
			remoteGlobalIDString = 73062ED829A9C70B00AB3062;
			remoteInfo = randomPhoto;
		};
/* End PBXContainerItemProxy section */

/* Begin PBXFileReference section */
		73062ED929A9C70B00AB3062 /* randomPhoto.app */ = {isa = PBXFileReference; explicitFileType = wrapper.application; includeInIndex = 0; path = randomPhoto.app; sourceTree = BUILT_PRODUCTS_DIR; };
		73062EDC29A9C70B00AB3062 /* AppDelegate.swift */ = {isa = PBXFileReference; lastKnownFileType = sourcecode.swift; path = AppDelegate.swift; sourceTree = "<group>"; };
		73062EDE29A9C70B00AB3062 /* SceneDelegate.swift */ = {isa = PBXFileReference; lastKnownFileType = sourcecode.swift; path = SceneDelegate.swift; sourceTree = "<group>"; };
		73062EE029A9C70B00AB3062 /* ViewController.swift */ = {isa = PBXFileReference; lastKnownFileType = sourcecode.swift; path = ViewController.swift; sourceTree = "<group>"; };
		73062EE329A9C70B00AB3062 /* Base */ = {isa = PBXFileReference; lastKnownFileType = file.storyboard; name = Base; path = Base.lproj/Main.storyboard; sourceTree = "<group>"; };
		73062EE529A9C70D00AB3062 /* Assets.xcassets */ = {isa = PBXFileReference; lastKnownFileType = folder.assetcatalog; path = Assets.xcassets; sourceTree = "<group>"; };
		73062EE829A9C70D00AB3062 /* Base */ = {isa = PBXFileReference; lastKnownFileType = file.storyboard; name = Base; path = Base.lproj/LaunchScreen.storyboard; sourceTree = "<group>"; };
		73062EEA29A9C70D00AB3062 /* Info.plist */ = {isa = PBXFileReference; lastKnownFileType = text.plist.xml; path = Info.plist; sourceTree = "<group>"; };
		73062EEF29A9C70D00AB3062 /* randomPhotoTests.xctest */ = {isa = PBXFileReference; explicitFileType = wrapper.cfbundle; includeInIndex = 0; path = randomPhotoTests.xctest; sourceTree = BUILT_PRODUCTS_DIR; };
		73062EF329A9C70D00AB3062 /* randomPhotoTests.swift */ = {isa = PBXFileReference; lastKnownFileType = sourcecode.swift; path = randomPhotoTests.swift; sourceTree = "<group>"; };
		73062EF929A9C70E00AB3062 /* randomPhotoUITests.xctest */ = {isa = PBXFileReference; explicitFileType = wrapper.cfbundle; includeInIndex = 0; path = randomPhotoUITests.xctest; sourceTree = BUILT_PRODUCTS_DIR; };
		73062EFD29A9C70E00AB3062 /* randomPhotoUITests.swift */ = {isa = PBXFileReference; lastKnownFileType = sourcecode.swift; path = randomPhotoUITests.swift; sourceTree = "<group>"; };
		73062EFF29A9C70E00AB3062 /* randomPhotoUITestsLaunchTests.swift */ = {isa = PBXFileReference; lastKnownFileType = sourcecode.swift; path = randomPhotoUITestsLaunchTests.swift; sourceTree = "<group>"; };
/* End PBXFileReference section */

/* Begin PBXFrameworksBuildPhase section */
		73062ED629A9C70B00AB3062 /* Frameworks */ = {
			isa = PBXFrameworksBuildPhase;
			buildActionMask = 2147483647;
			files = (
			);
			runOnlyForDeploymentPostprocessing = 0;
		};
		73062EEC29A9C70D00AB3062 /* Frameworks */ = {
			isa = PBXFrameworksBuildPhase;
			buildActionMask = 2147483647;
			files = (
			);
			runOnlyForDeploymentPostprocessing = 0;
		};
		73062EF629A9C70E00AB3062 /* Frameworks */ = {
			isa = PBXFrameworksBuildPhase;
			buildActionMask = 2147483647;
			files = (
			);
			runOnlyForDeploymentPostprocessing = 0;
		};
/* End PBXFrameworksBuildPhase section */

/* Begin PBXGroup section */
		73062ED029A9C70B00AB3062 = {
			isa = PBXGroup;
			children = (
				73062EDB29A9C70B00AB3062 /* randomPhoto */,
				73062EF229A9C70D00AB3062 /* randomPhotoTests */,
				73062EFC29A9C70E00AB3062 /* randomPhotoUITests */,
				73062EDA29A9C70B00AB3062 /* Products */,
			);
			sourceTree = "<group>";
		};
		73062EDA29A9C70B00AB3062 /* Products */ = {
			isa = PBXGroup;
			children = (
				73062ED929A9C70B00AB3062 /* randomPhoto.app */,
				73062EEF29A9C70D00AB3062 /* randomPhotoTests.xctest */,
				73062EF929A9C70E00AB3062 /* randomPhotoUITests.xctest */,
			);
			name = Products;
			sourceTree = "<group>";
		};
		73062EDB29A9C70B00AB3062 /* randomPhoto */ = {
			isa = PBXGroup;
			children = (
				73062EDC29A9C70B00AB3062 /* AppDelegate.swift */,
				73062EDE29A9C70B00AB3062 /* SceneDelegate.swift */,
				73062EE029A9C70B00AB3062 /* ViewController.swift */,
				73062EE229A9C70B00AB3062 /* Main.storyboard */,
				73062EE529A9C70D00AB3062 /* Assets.xcassets */,
				73062EE729A9C70D00AB3062 /* LaunchScreen.storyboard */,
				73062EEA29A9C70D00AB3062 /* Info.plist */,
			);
			path = randomPhoto;
			sourceTree = "<group>";
		};
		73062EF229A9C70D00AB3062 /* randomPhotoTests */ = {
			isa = PBXGroup;
			children = (
				73062EF329A9C70D00AB3062 /* randomPhotoTests.swift */,
			);
			path = randomPhotoTests;
			sourceTree = "<group>";
		};
		73062EFC29A9C70E00AB3062 /* randomPhotoUITests */ = {
			isa = PBXGroup;
			children = (
				73062EFD29A9C70E00AB3062 /* randomPhotoUITests.swift */,
				73062EFF29A9C70E00AB3062 /* randomPhotoUITestsLaunchTests.swift */,
			);
			path = randomPhotoUITests;
			sourceTree = "<group>";
		};
/* End PBXGroup section */

/* Begin PBXNativeTarget section */
		73062ED829A9C70B00AB3062 /* randomPhoto */ = {
			isa = PBXNativeTarget;
			buildConfigurationList = 73062F0329A9C70E00AB3062 /* Build configuration list for PBXNativeTarget "randomPhoto" */;
			buildPhases = (
				73062ED529A9C70B00AB3062 /* Sources */,
				73062ED629A9C70B00AB3062 /* Frameworks */,
				73062ED729A9C70B00AB3062 /* Resources */,
			);
			buildRules = (
			);
			dependencies = (
			);
			name = randomPhoto;
			productName = randomPhoto;
			productReference = 73062ED929A9C70B00AB3062 /* randomPhoto.app */;
			productType = "com.apple.product-type.application";
		};
		73062EEE29A9C70D00AB3062 /* randomPhotoTests */ = {
			isa = PBXNativeTarget;
			buildConfigurationList = 73062F0629A9C70E00AB3062 /* Build configuration list for PBXNativeTarget "randomPhotoTests" */;
			buildPhases = (
				73062EEB29A9C70D00AB3062 /* Sources */,
				73062EEC29A9C70D00AB3062 /* Frameworks */,
				73062EED29A9C70D00AB3062 /* Resources */,
			);
			buildRules = (
			);
			dependencies = (
				73062EF129A9C70D00AB3062 /* PBXTargetDependency */,
			);
			name = randomPhotoTests;
			productName = randomPhotoTests;
			productReference = 73062EEF29A9C70D00AB3062 /* randomPhotoTests.xctest */;
			productType = "com.apple.product-type.bundle.unit-test";
		};
		73062EF829A9C70E00AB3062 /* randomPhotoUITests */ = {
			isa = PBXNativeTarget;
			buildConfigurationList = 73062F0929A9C70E00AB3062 /* Build configuration list for PBXNativeTarget "randomPhotoUITests" */;
			buildPhases = (
				73062EF529A9C70E00AB3062 /* Sources */,
				73062EF629A9C70E00AB3062 /* Frameworks */,
				73062EF729A9C70E00AB3062 /* Resources */,
			);
			buildRules = (
			);
			dependencies = (
				73062EFB29A9C70E00AB3062 /* PBXTargetDependency */,
			);
			name = randomPhotoUITests;
			productName = randomPhotoUITests;
			productReference = 73062EF929A9C70E00AB3062 /* randomPhotoUITests.xctest */;
			productType = "com.apple.product-type.bundle.ui-testing";
		};
/* End PBXNativeTarget section */

/* Begin PBXProject section */
		73062ED129A9C70B00AB3062 /* Project object */ = {
			isa = PBXProject;
			attributes = {
				BuildIndependentTargetsInParallel = 1;
				LastSwiftUpdateCheck = 1420;
				LastUpgradeCheck = 1420;
				TargetAttributes = {
					73062ED829A9C70B00AB3062 = {
						CreatedOnToolsVersion = 14.2;
					};
					73062EEE29A9C70D00AB3062 = {
						CreatedOnToolsVersion = 14.2;
						TestTargetID = 73062ED829A9C70B00AB3062;
					};
					73062EF829A9C70E00AB3062 = {
						CreatedOnToolsVersion = 14.2;
						TestTargetID = 73062ED829A9C70B00AB3062;
					};
				};
			};
			buildConfigurationList = 73062ED429A9C70B00AB3062 /* Build configuration list for PBXProject "randomPhoto" */;
			compatibilityVersion = "Xcode 14.0";
			developmentRegion = en;
			hasScannedForEncodings = 0;
			knownRegions = (
				en,
				Base,
			);
			mainGroup = 73062ED029A9C70B00AB3062;
			productRefGroup = 73062EDA29A9C70B00AB3062 /* Products */;
			projectDirPath = "";
			projectRoot = "";
			targets = (
				73062ED829A9C70B00AB3062 /* randomPhoto */,
				73062EEE29A9C70D00AB3062 /* randomPhotoTests */,
				73062EF829A9C70E00AB3062 /* randomPhotoUITests */,
			);
		};
/* End PBXProject section */

/* Begin PBXResourcesBuildPhase section */
		73062ED729A9C70B00AB3062 /* Resources */ = {
			isa = PBXResourcesBuildPhase;
			buildActionMask = 2147483647;
			files = (
				73062EE929A9C70D00AB3062 /* LaunchScreen.storyboard in Resources */,
				73062EE629A9C70D00AB3062 /* Assets.xcassets in Resources */,
				73062EE429A9C70B00AB3062 /* Main.storyboard in Resources */,
			);
			runOnlyForDeploymentPostprocessing = 0;
		};
		73062EED29A9C70D00AB3062 /* Resources */ = {
			isa = PBXResourcesBuildPhase;
			buildActionMask = 2147483647;
			files = (
			);
			runOnlyForDeploymentPostprocessing = 0;
		};
		73062EF729A9C70E00AB3062 /* Resources */ = {
			isa = PBXResourcesBuildPhase;
			buildActionMask = 2147483647;
			files = (
			);
			runOnlyForDeploymentPostprocessing = 0;
		};
/* End PBXResourcesBuildPhase section */

/* Begin PBXSourcesBuildPhase section */
		73062ED529A9C70B00AB3062 /* Sources */ = {
			isa = PBXSourcesBuildPhase;
			buildActionMask = 2147483647;
			files = (
				73062EE129A9C70B00AB3062 /* ViewController.swift in Sources */,
				73062EDD29A9C70B00AB3062 /* AppDelegate.swift in Sources */,
				73062EDF29A9C70B00AB3062 /* SceneDelegate.swift in Sources */,
			);
			runOnlyForDeploymentPostprocessing = 0;
		};
		73062EEB29A9C70D00AB3062 /* Sources */ = {
			isa = PBXSourcesBuildPhase;
			buildActionMask = 2147483647;
			files = (
				73062EF429A9C70D00AB3062 /* randomPhotoTests.swift in Sources */,
			);
			runOnlyForDeploymentPostprocessing = 0;
		};
		73062EF529A9C70E00AB3062 /* Sources */ = {
			isa = PBXSourcesBuildPhase;
			buildActionMask = 2147483647;
			files = (
				73062F0029A9C70E00AB3062 /* randomPhotoUITestsLaunchTests.swift in Sources */,
				73062EFE29A9C70E00AB3062 /* randomPhotoUITests.swift in Sources */,
			);
			runOnlyForDeploymentPostprocessing = 0;
		};
/* End PBXSourcesBuildPhase section */

/* Begin PBXTargetDependency section */
		73062EF129A9C70D00AB3062 /* PBXTargetDependency */ = {
			isa = PBXTargetDependency;
			target = 73062ED829A9C70B00AB3062 /* randomPhoto */;
			targetProxy = 73062EF029A9C70D00AB3062 /* PBXContainerItemProxy */;
		};
		73062EFB29A9C70E00AB3062 /* PBXTargetDependency */ = {
			isa = PBXTargetDependency;
			target = 73062ED829A9C70B00AB3062 /* randomPhoto */;
			targetProxy = 73062EFA29A9C70E00AB3062 /* PBXContainerItemProxy */;
		};
/* End PBXTargetDependency section */

/* Begin PBXVariantGroup section */
		73062EE229A9C70B00AB3062 /* Main.storyboard */ = {
			isa = PBXVariantGroup;
			children = (
				73062EE329A9C70B00AB3062 /* Base */,
			);
			name = Main.storyboard;
			sourceTree = "<group>";
		};
		73062EE729A9C70D00AB3062 /* LaunchScreen.storyboard */ = {
			isa = PBXVariantGroup;
			children = (
				73062EE829A9C70D00AB3062 /* Base */,
			);
			name = LaunchScreen.storyboard;
			sourceTree = "<group>";
		};
/* End PBXVariantGroup section */

/* Begin XCBuildConfiguration section */
		73062F0129A9C70E00AB3062 /* Debug */ = {
			isa = XCBuildConfiguration;
			buildSettings = {
				ALWAYS_SEARCH_USER_PATHS = NO;
				CLANG_ANALYZER_NONNULL = YES;
				CLANG_ANALYZER_NUMBER_OBJECT_CONVERSION = YES_AGGRESSIVE;
				CLANG_CXX_LANGUAGE_STANDARD = "gnu++20";
				CLANG_ENABLE_MODULES = YES;
				CLANG_ENABLE_OBJC_ARC = YES;
				CLANG_ENABLE_OBJC_WEAK = YES;
				CLANG_WARN_BLOCK_CAPTURE_AUTORELEASING = YES;
				CLANG_WARN_BOOL_CONVERSION = YES;
				CLANG_WARN_COMMA = YES;
				CLANG_WARN_CONSTANT_CONVERSION = YES;
				CLANG_WARN_DEPRECATED_OBJC_IMPLEMENTATIONS = YES;
				CLANG_WARN_DIRECT_OBJC_ISA_USAGE = YES_ERROR;
				CLANG_WARN_DOCUMENTATION_COMMENTS = YES;
				CLANG_WARN_EMPTY_BODY = YES;
				CLANG_WARN_ENUM_CONVERSION = YES;
				CLANG_WARN_INFINITE_RECURSION = YES;
				CLANG_WARN_INT_CONVERSION = YES;
				CLANG_WARN_NON_LITERAL_NULL_CONVERSION = YES;
				CLANG_WARN_OBJC_IMPLICIT_RETAIN_SELF = YES;
				CLANG_WARN_OBJC_LITERAL_CONVERSION = YES;
				CLANG_WARN_OBJC_ROOT_CLASS = YES_ERROR;
				CLANG_WARN_QUOTED_INCLUDE_IN_FRAMEWORK_HEADER = YES;
				CLANG_WARN_RANGE_LOOP_ANALYSIS = YES;
				CLANG_WARN_STRICT_PROTOTYPES = YES;
				CLANG_WARN_SUSPICIOUS_MOVE = YES;
				CLANG_WARN_UNGUARDED_AVAILABILITY = YES_AGGRESSIVE;
				CLANG_WARN_UNREACHABLE_CODE = YES;
				CLANG_WARN__DUPLICATE_METHOD_MATCH = YES;
				COPY_PHASE_STRIP = NO;
				DEBUG_INFORMATION_FORMAT = dwarf;
				ENABLE_STRICT_OBJC_MSGSEND = YES;
				ENABLE_TESTABILITY = YES;
				GCC_C_LANGUAGE_STANDARD = gnu11;
				GCC_DYNAMIC_NO_PIC = NO;
				GCC_NO_COMMON_BLOCKS = YES;
				GCC_OPTIMIZATION_LEVEL = 0;
				GCC_PREPROCESSOR_DEFINITIONS = (
					"DEBUG=1",
					"$(inherited)",
				);
				GCC_WARN_64_TO_32_BIT_CONVERSION = YES;
				GCC_WARN_ABOUT_RETURN_TYPE = YES_ERROR;
				GCC_WARN_UNDECLARED_SELECTOR = YES;
				GCC_WARN_UNINITIALIZED_AUTOS = YES_AGGRESSIVE;
				GCC_WARN_UNUSED_FUNCTION = YES;
				GCC_WARN_UNUSED_VARIABLE = YES;
				IPHONEOS_DEPLOYMENT_TARGET = 16.2;
				MTL_ENABLE_DEBUG_INFO = INCLUDE_SOURCE;
				MTL_FAST_MATH = YES;
				ONLY_ACTIVE_ARCH = YES;
				SDKROOT = iphoneos;
				SWIFT_ACTIVE_COMPILATION_CONDITIONS = DEBUG;
				SWIFT_OPTIMIZATION_LEVEL = "-Onone";
			};
			name = Debug;
		};
		73062F0229A9C70E00AB3062 /* Release */ = {
			isa = XCBuildConfiguration;
			buildSettings = {
				ALWAYS_SEARCH_USER_PATHS = NO;
				CLANG_ANALYZER_NONNULL = YES;
				CLANG_ANALYZER_NUMBER_OBJECT_CONVERSION = YES_AGGRESSIVE;
				CLANG_CXX_LANGUAGE_STANDARD = "gnu++20";
				CLANG_ENABLE_MODULES = YES;
				CLANG_ENABLE_OBJC_ARC = YES;
				CLANG_ENABLE_OBJC_WEAK = YES;
				CLANG_WARN_BLOCK_CAPTURE_AUTORELEASING = YES;
				CLANG_WARN_BOOL_CONVERSION = YES;
				CLANG_WARN_COMMA = YES;
				CLANG_WARN_CONSTANT_CONVERSION = YES;
				CLANG_WARN_DEPRECATED_OBJC_IMPLEMENTATIONS = YES;
				CLANG_WARN_DIRECT_OBJC_ISA_USAGE = YES_ERROR;
				CLANG_WARN_DOCUMENTATION_COMMENTS = YES;
				CLANG_WARN_EMPTY_BODY = YES;
				CLANG_WARN_ENUM_CONVERSION = YES;
				CLANG_WARN_INFINITE_RECURSION = YES;
				CLANG_WARN_INT_CONVERSION = YES;
				CLANG_WARN_NON_LITERAL_NULL_CONVERSION = YES;
				CLANG_WARN_OBJC_IMPLICIT_RETAIN_SELF = YES;
				CLANG_WARN_OBJC_LITERAL_CONVERSION = YES;
				CLANG_WARN_OBJC_ROOT_CLASS = YES_ERROR;
				CLANG_WARN_QUOTED_INCLUDE_IN_FRAMEWORK_HEADER = YES;
				CLANG_WARN_RANGE_LOOP_ANALYSIS = YES;
				CLANG_WARN_STRICT_PROTOTYPES = YES;
				CLANG_WARN_SUSPICIOUS_MOVE = YES;
				CLANG_WARN_UNGUARDED_AVAILABILITY = YES_AGGRESSIVE;
				CLANG_WARN_UNREACHABLE_CODE = YES;
				CLANG_WARN__DUPLICATE_METHOD_MATCH = YES;
				COPY_PHASE_STRIP = NO;
				DEBUG_INFORMATION_FORMAT = "dwarf-with-dsym";
				ENABLE_NS_ASSERTIONS = NO;
				ENABLE_STRICT_OBJC_MSGSEND = YES;
				GCC_C_LANGUAGE_STANDARD = gnu11;
				GCC_NO_COMMON_BLOCKS = YES;
				GCC_WARN_64_TO_32_BIT_CONVERSION = YES;
				GCC_WARN_ABOUT_RETURN_TYPE = YES_ERROR;
				GCC_WARN_UNDECLARED_SELECTOR = YES;
				GCC_WARN_UNINITIALIZED_AUTOS = YES_AGGRESSIVE;
				GCC_WARN_UNUSED_FUNCTION = YES;
				GCC_WARN_UNUSED_VARIABLE = YES;
				IPHONEOS_DEPLOYMENT_TARGET = 16.2;
				MTL_ENABLE_DEBUG_INFO = NO;
				MTL_FAST_MATH = YES;
				SDKROOT = iphoneos;
				SWIFT_COMPILATION_MODE = wholemodule;
				SWIFT_OPTIMIZATION_LEVEL = "-O";
				VALIDATE_PRODUCT = YES;
			};
			name = Release;
		};
		73062F0429A9C70E00AB3062 /* Debug */ = {
			isa = XCBuildConfiguration;
			buildSettings = {
				ASSETCATALOG_COMPILER_APPICON_NAME = AppIcon;
				ASSETCATALOG_COMPILER_GLOBAL_ACCENT_COLOR_NAME = AccentColor;
				CODE_SIGN_STYLE = Automatic;
				CURRENT_PROJECT_VERSION = 1;
				GENERATE_INFOPLIST_FILE = YES;
				INFOPLIST_FILE = randomPhoto/Info.plist;
				INFOPLIST_KEY_UIApplicationSupportsIndirectInputEvents = YES;
				INFOPLIST_KEY_UILaunchStoryboardName = LaunchScreen;
				INFOPLIST_KEY_UIMainStoryboardFile = Main;
				INFOPLIST_KEY_UISupportedInterfaceOrientations_iPad = "UIInterfaceOrientationPortrait UIInterfaceOrientationPortraitUpsideDown UIInterfaceOrientationLandscapeLeft UIInterfaceOrientationLandscapeRight";
				INFOPLIST_KEY_UISupportedInterfaceOrientations_iPhone = "UIInterfaceOrientationPortrait UIInterfaceOrientationLandscapeLeft UIInterfaceOrientationLandscapeRight";
				LD_RUNPATH_SEARCH_PATHS = (
					"$(inherited)",
					"@executable_path/Frameworks",
				);
				MARKETING_VERSION = 1.0;
				PRODUCT_BUNDLE_IDENTIFIER = IOS.randomPhoto;
				PRODUCT_NAME = "$(TARGET_NAME)";
				SWIFT_EMIT_LOC_STRINGS = YES;
				SWIFT_VERSION = 5.0;
				TARGETED_DEVICE_FAMILY = "1,2";
			};
			name = Debug;
		};
		73062F0529A9C70E00AB3062 /* Release */ = {
			isa = XCBuildConfiguration;
			buildSettings = {
				ASSETCATALOG_COMPILER_APPICON_NAME = AppIcon;
				ASSETCATALOG_COMPILER_GLOBAL_ACCENT_COLOR_NAME = AccentColor;
				CODE_SIGN_STYLE = Automatic;
				CURRENT_PROJECT_VERSION = 1;
				GENERATE_INFOPLIST_FILE = YES;
				INFOPLIST_FILE = randomPhoto/Info.plist;
				INFOPLIST_KEY_UIApplicationSupportsIndirectInputEvents = YES;
				INFOPLIST_KEY_UILaunchStoryboardName = LaunchScreen;
				INFOPLIST_KEY_UIMainStoryboardFile = Main;
				INFOPLIST_KEY_UISupportedInterfaceOrientations_iPad = "UIInterfaceOrientationPortrait UIInterfaceOrientationPortraitUpsideDown UIInterfaceOrientationLandscapeLeft UIInterfaceOrientationLandscapeRight";
				INFOPLIST_KEY_UISupportedInterfaceOrientations_iPhone = "UIInterfaceOrientationPortrait UIInterfaceOrientationLandscapeLeft UIInterfaceOrientationLandscapeRight";
				LD_RUNPATH_SEARCH_PATHS = (
					"$(inherited)",
					"@executable_path/Frameworks",
				);
				MARKETING_VERSION = 1.0;
				PRODUCT_BUNDLE_IDENTIFIER = IOS.randomPhoto;
				PRODUCT_NAME = "$(TARGET_NAME)";
				SWIFT_EMIT_LOC_STRINGS = YES;
				SWIFT_VERSION = 5.0;
				TARGETED_DEVICE_FAMILY = "1,2";
			};
			name = Release;
		};
		73062F0729A9C70E00AB3062 /* Debug */ = {
			isa = XCBuildConfiguration;
			buildSettings = {
				ALWAYS_EMBED_SWIFT_STANDARD_LIBRARIES = YES;
				BUNDLE_LOADER = "$(TEST_HOST)";
				CODE_SIGN_STYLE = Automatic;
				CURRENT_PROJECT_VERSION = 1;
				GENERATE_INFOPLIST_FILE = YES;
				IPHONEOS_DEPLOYMENT_TARGET = 16.2;
				MARKETING_VERSION = 1.0;
				PRODUCT_BUNDLE_IDENTIFIER = IOS.randomPhotoTests;
				PRODUCT_NAME = "$(TARGET_NAME)";
				SWIFT_EMIT_LOC_STRINGS = NO;
				SWIFT_VERSION = 5.0;
				TARGETED_DEVICE_FAMILY = "1,2";
				TEST_HOST = "$(BUILT_PRODUCTS_DIR)/randomPhoto.app/$(BUNDLE_EXECUTABLE_FOLDER_PATH)/randomPhoto";
			};
			name = Debug;
		};
		73062F0829A9C70E00AB3062 /* Release */ = {
			isa = XCBuildConfiguration;
			buildSettings = {
				ALWAYS_EMBED_SWIFT_STANDARD_LIBRARIES = YES;
				BUNDLE_LOADER = "$(TEST_HOST)";
				CODE_SIGN_STYLE = Automatic;
				CURRENT_PROJECT_VERSION = 1;
				GENERATE_INFOPLIST_FILE = YES;
				IPHONEOS_DEPLOYMENT_TARGET = 16.2;
				MARKETING_VERSION = 1.0;
				PRODUCT_BUNDLE_IDENTIFIER = IOS.randomPhotoTests;
				PRODUCT_NAME = "$(TARGET_NAME)";
				SWIFT_EMIT_LOC_STRINGS = NO;
				SWIFT_VERSION = 5.0;
				TARGETED_DEVICE_FAMILY = "1,2";
				TEST_HOST = "$(BUILT_PRODUCTS_DIR)/randomPhoto.app/$(BUNDLE_EXECUTABLE_FOLDER_PATH)/randomPhoto";
			};
			name = Release;
		};
		73062F0A29A9C70E00AB3062 /* Debug */ = {
			isa = XCBuildConfiguration;
			buildSettings = {
				ALWAYS_EMBED_SWIFT_STANDARD_LIBRARIES = YES;
				CODE_SIGN_STYLE = Automatic;
				CURRENT_PROJECT_VERSION = 1;
				GENERATE_INFOPLIST_FILE = YES;
				MARKETING_VERSION = 1.0;
				PRODUCT_BUNDLE_IDENTIFIER = IOS.randomPhotoUITests;
				PRODUCT_NAME = "$(TARGET_NAME)";
				SWIFT_EMIT_LOC_STRINGS = NO;
				SWIFT_VERSION = 5.0;
				TARGETED_DEVICE_FAMILY = "1,2";
				TEST_TARGET_NAME = randomPhoto;
			};
			name = Debug;
		};
		73062F0B29A9C70E00AB3062 /* Release */ = {
			isa = XCBuildConfiguration;
			buildSettings = {
				ALWAYS_EMBED_SWIFT_STANDARD_LIBRARIES = YES;
				CODE_SIGN_STYLE = Automatic;
				CURRENT_PROJECT_VERSION = 1;
				GENERATE_INFOPLIST_FILE = YES;
				MARKETING_VERSION = 1.0;
				PRODUCT_BUNDLE_IDENTIFIER = IOS.randomPhotoUITests;
				PRODUCT_NAME = "$(TARGET_NAME)";
				SWIFT_EMIT_LOC_STRINGS = NO;
				SWIFT_VERSION = 5.0;
				TARGETED_DEVICE_FAMILY = "1,2";
				TEST_TARGET_NAME = randomPhoto;
			};
			name = Release;
		};
/* End XCBuildConfiguration section */

/* Begin XCConfigurationList section */
		73062ED429A9C70B00AB3062 /* Build configuration list for PBXProject "randomPhoto" */ = {
			isa = XCConfigurationList;
			buildConfigurations = (
				73062F0129A9C70E00AB3062 /* Debug */,
				73062F0229A9C70E00AB3062 /* Release */,
			);
			defaultConfigurationIsVisible = 0;
			defaultConfigurationName = Release;
		};
		73062F0329A9C70E00AB3062 /* Build configuration list for PBXNativeTarget "randomPhoto" */ = {
			isa = XCConfigurationList;
			buildConfigurations = (
				73062F0429A9C70E00AB3062 /* Debug */,
				73062F0529A9C70E00AB3062 /* Release */,
			);
			defaultConfigurationIsVisible = 0;
			defaultConfigurationName = Release;
		};
		73062F0629A9C70E00AB3062 /* Build configuration list for PBXNativeTarget "randomPhotoTests" */ = {
			isa = XCConfigurationList;
			buildConfigurations = (
				73062F0729A9C70E00AB3062 /* Debug */,
				73062F0829A9C70E00AB3062 /* Release */,
			);
			defaultConfigurationIsVisible = 0;
			defaultConfigurationName = Release;
		};
		73062F0929A9C70E00AB3062 /* Build configuration list for PBXNativeTarget "randomPhotoUITests" */ = {
			isa = XCConfigurationList;
			buildConfigurations = (
				73062F0A29A9C70E00AB3062 /* Debug */,
				73062F0B29A9C70E00AB3062 /* Release */,
			);
			defaultConfigurationIsVisible = 0;
			defaultConfigurationName = Release;
		};
/* End XCConfigurationList section */
	};
	rootObject = 73062ED129A9C70B00AB3062 /* Project object */;
}
